
Microsoft Visual Studio Solution File, Format Version 12.00
# Visual Studio 15
VisualStudioVersion = 15.0.27428.2015
MinimumVisualStudioVersion = 10.0.40219.1
Project("{FAE04EC0-301F-11D3-BF4B-00C04F79EFBC}") = "ContosoU2018", "ContosoU2018\ContosoU2018.csproj", "{FC8970D8-ECBE-4E24-BBF2-04AAD594DCD4}"
EndProject
Global
	GlobalSection(SolutionConfigurationPlatforms) = preSolution
		Debug|Any CPU = Debug|Any CPU
		Release|Any CPU = Release|Any CPU
	EndGlobalSection
	GlobalSection(ProjectConfigurationPlatforms) = postSolution
		{FC8970D8-ECBE-4E24-BBF2-04AAD594DCD4}.Debug|Any CPU.ActiveCfg = Debug|Any CPU
		{FC8970D8-ECBE-4E24-BBF2-04AAD594DCD4}.Debug|Any CPU.Build.0 = Debug|Any CPU
		{FC8970D8-ECBE-4E24-BBF2-04AAD594DCD4}.Release|Any CPU.ActiveCfg = Release|Any CPU
		{FC8970D8-ECBE-4E24-BBF2-04AAD594DCD4}.Release|Any CPU.Build.0 = Release|Any CPU
	EndGlobalSection
	GlobalSection(SolutionProperties) = preSolution
		HideSolutionNode = FALSE
	EndGlobalSection
	GlobalSection(ExtensibilityGlobals) = postSolution
		SolutionGuid = {5E5F8B7C-A1E2-4DF2-911F-B0C1857BB6C4}
	EndGlobalSection
EndGlobal
